
Microsoft Visual Studio Solution File, Format Version 12.00
# Visual Studio 15
VisualStudioVersion = 15.0.28307.539
MinimumVisualStudioVersion = 10.0.40219.1
Project("{FAE04EC0-301F-11D3-BF4B-00C04F79EFBC}") = "ConsoleApp1", "ConsoleApp1\ConsoleApp1.csproj", "{1F3924C7-BFDC-45B3-9F70-EF011F615CDB}"
EndProject
Project("{FAE04EC0-301F-11D3-BF4B-00C04F79EFBC}") = "calculadora", "calculadora\calculadora.csproj", "{0324E876-49B1-4B31-B4FA-294FF3F8B37B}"
EndProject
Project("{FAE04EC0-301F-11D3-BF4B-00C04F79EFBC}") = "media", "media\media.csproj", "{5F42D99F-DB42-47A6-9390-B98B5C6CA634}"
EndProject
Project("{FAE04EC0-301F-11D3-BF4B-00C04F79EFBC}") = "media 2", "media 2\media 2.csproj", "{DBEF5ABD-490B-43C0-B2FC-FE838F11CDE6}"
EndProject
Project("{FAE04EC0-301F-11D3-BF4B-00C04F79EFBC}") = "pessoas", "pessoas\pessoas.csproj", "{4EA6B4DC-E894-4FDA-B15B-097A3A81909D}"
EndProject
Project("{FAE04EC0-301F-11D3-BF4B-00C04F79EFBC}") = "ConsoleApp2", "ConsoleApp2\ConsoleApp2.csproj", "{558FAA6E-C9A6-4BE4-9344-C8842D8D7027}"
EndProject
Global
	GlobalSection(SolutionConfigurationPlatforms) = preSolution
		Debug|Any CPU = Debug|Any CPU
		Release|Any CPU = Release|Any CPU
	EndGlobalSection
	GlobalSection(ProjectConfigurationPlatforms) = postSolution
		{1F3924C7-BFDC-45B3-9F70-EF011F615CDB}.Debug|Any CPU.ActiveCfg = Debug|Any CPU
		{1F3924C7-BFDC-45B3-9F70-EF011F615CDB}.Debug|Any CPU.Build.0 = Debug|Any CPU
		{1F3924C7-BFDC-45B3-9F70-EF011F615CDB}.Release|Any CPU.ActiveCfg = Release|Any CPU
		{1F3924C7-BFDC-45B3-9F70-EF011F615CDB}.Release|Any CPU.Build.0 = Release|Any CPU
		{0324E876-49B1-4B31-B4FA-294FF3F8B37B}.Debug|Any CPU.ActiveCfg = Debug|Any CPU
		{0324E876-49B1-4B31-B4FA-294FF3F8B37B}.Debug|Any CPU.Build.0 = Debug|Any CPU
		{0324E876-49B1-4B31-B4FA-294FF3F8B37B}.Release|Any CPU.ActiveCfg = Release|Any CPU
		{0324E876-49B1-4B31-B4FA-294FF3F8B37B}.Release|Any CPU.Build.0 = Release|Any CPU
		{5F42D99F-DB42-47A6-9390-B98B5C6CA634}.Debug|Any CPU.ActiveCfg = Debug|Any CPU
		{5F42D99F-DB42-47A6-9390-B98B5C6CA634}.Debug|Any CPU.Build.0 = Debug|Any CPU
		{5F42D99F-DB42-47A6-9390-B98B5C6CA634}.Release|Any CPU.ActiveCfg = Release|Any CPU
		{5F42D99F-DB42-47A6-9390-B98B5C6CA634}.Release|Any CPU.Build.0 = Release|Any CPU
		{DBEF5ABD-490B-43C0-B2FC-FE838F11CDE6}.Debug|Any CPU.ActiveCfg = Debug|Any CPU
		{DBEF5ABD-490B-43C0-B2FC-FE838F11CDE6}.Debug|Any CPU.Build.0 = Debug|Any CPU
		{DBEF5ABD-490B-43C0-B2FC-FE838F11CDE6}.Release|Any CPU.ActiveCfg = Release|Any CPU
		{DBEF5ABD-490B-43C0-B2FC-FE838F11CDE6}.Release|Any CPU.Build.0 = Release|Any CPU
		{4EA6B4DC-E894-4FDA-B15B-097A3A81909D}.Debug|Any CPU.ActiveCfg = Debug|Any CPU
		{4EA6B4DC-E894-4FDA-B15B-097A3A81909D}.Debug|Any CPU.Build.0 = Debug|Any CPU
		{4EA6B4DC-E894-4FDA-B15B-097A3A81909D}.Release|Any CPU.ActiveCfg = Release|Any CPU
		{4EA6B4DC-E894-4FDA-B15B-097A3A81909D}.Release|Any CPU.Build.0 = Release|Any CPU
		{558FAA6E-C9A6-4BE4-9344-C8842D8D7027}.Debug|Any CPU.ActiveCfg = Debug|Any CPU
		{558FAA6E-C9A6-4BE4-9344-C8842D8D7027}.Debug|Any CPU.Build.0 = Debug|Any CPU
		{558FAA6E-C9A6-4BE4-9344-C8842D8D7027}.Release|Any CPU.ActiveCfg = Release|Any CPU
		{558FAA6E-C9A6-4BE4-9344-C8842D8D7027}.Release|Any CPU.Build.0 = Release|Any CPU
	EndGlobalSection
	GlobalSection(SolutionProperties) = preSolution
		HideSolutionNode = FALSE
	EndGlobalSection
	GlobalSection(ExtensibilityGlobals) = postSolution
		SolutionGuid = {816A6602-CC74-4AFD-A5D3-0705AA8D4CB3}
	EndGlobalSection
EndGlobal
